// !$*UTF8*$!
{
	archiveVersion = 1;
	classes = {
	};
	objectVersion = 77;
	objects = {

/* Begin PBXBuildFile section */
		B947C2382C935A6800984C2C /* FirebaseDatabase in Frameworks */ = {isa = PBXBuildFile; productRef = B947C2372C935A6800984C2C /* FirebaseDatabase */; };
		B94C03412CA438C200C85555 /* libLLVM.dylib in Frameworks */ = {isa = PBXBuildFile; fileRef = B94C03402CA438C200C85555 /* libLLVM.dylib */; };
		B956547F2C98709D00471B04 /* SideMenu in Frameworks */ = {isa = PBXBuildFile; productRef = B956547E2C98709D00471B04 /* SideMenu */; };
		B958AB162CA31CF400E8DB24 /* FirebaseFunctions in Frameworks */ = {isa = PBXBuildFile; productRef = B958AB152CA31CF400E8DB24 /* FirebaseFunctions */; };
		B9781DE82C935944001B70FF /* FirebaseAnalytics in Frameworks */ = {isa = PBXBuildFile; productRef = B9781DE72C935944001B70FF /* FirebaseAnalytics */; };
		B9781DEA2C935944001B70FF /* FirebaseAuth in Frameworks */ = {isa = PBXBuildFile; productRef = B9781DE92C935944001B70FF /* FirebaseAuth */; };
		B9781DEC2C935944001B70FF /* FirebaseFirestore in Frameworks */ = {isa = PBXBuildFile; productRef = B9781DEB2C935944001B70FF /* FirebaseFirestore */; };
		B9781DEE2C935944001B70FF /* FirebaseStorage in Frameworks */ = {isa = PBXBuildFile; productRef = B9781DED2C935944001B70FF /* FirebaseStorage */; };
/* End PBXBuildFile section */

/* Begin PBXContainerItemProxy section */
		B9A529A82C82418400FA2AAF /* PBXContainerItemProxy */ = {
			isa = PBXContainerItemProxy;
			containerPortal = B9A5298F2C82418100FA2AAF /* Project object */;
			proxyType = 1;
			remoteGlobalIDString = B9A529962C82418100FA2AAF;
			remoteInfo = Deskapp;
		};
		B9A529B22C82418400FA2AAF /* PBXContainerItemProxy */ = {
			isa = PBXContainerItemProxy;
			containerPortal = B9A5298F2C82418100FA2AAF /* Project object */;
			proxyType = 1;
			remoteGlobalIDString = B9A529962C82418100FA2AAF;
			remoteInfo = Deskapp;
		};
/* End PBXContainerItemProxy section */

/* Begin PBXFileReference section */
		B94C03402CA438C200C85555 /* libLLVM.dylib */ = {isa = PBXFileReference; lastKnownFileType = "compiled.mach-o.dylib"; name = libLLVM.dylib; path = usr/lib/libLLVM.dylib; sourceTree = SDKROOT; };
		B9A529972C82418100FA2AAF /* Deskapp.app */ = {isa = PBXFileReference; explicitFileType = wrapper.application; includeInIndex = 0; path = Deskapp.app; sourceTree = BUILT_PRODUCTS_DIR; };
		B9A529A72C82418400FA2AAF /* DeskappTests.xctest */ = {isa = PBXFileReference; explicitFileType = wrapper.cfbundle; includeInIndex = 0; path = DeskappTests.xctest; sourceTree = BUILT_PRODUCTS_DIR; };
		B9A529B12C82418400FA2AAF /* DeskappUITests.xctest */ = {isa = PBXFileReference; explicitFileType = wrapper.cfbundle; includeInIndex = 0; path = DeskappUITests.xctest; sourceTree = BUILT_PRODUCTS_DIR; };
/* End PBXFileReference section */

/* Begin PBXFileSystemSynchronizedBuildFileExceptionSet section */
		B9558C072C94092900C85CA3 /* Exceptions for "Deskapp" folder in "Deskapp" target */ = {
			isa = PBXFileSystemSynchronizedBuildFileExceptionSet;
			membershipExceptions = (
				Info.plist,
			);
			target = B9A529962C82418100FA2AAF /* Deskapp */;
		};
/* End PBXFileSystemSynchronizedBuildFileExceptionSet section */

/* Begin PBXFileSystemSynchronizedRootGroup section */
		B9A529992C82418100FA2AAF /* Deskapp */ = {
			isa = PBXFileSystemSynchronizedRootGroup;
			exceptions = (
				B9558C072C94092900C85CA3 /* Exceptions for "Deskapp" folder in "Deskapp" target */,
			);
			path = Deskapp;
			sourceTree = "<group>";
		};
		B9A529AA2C82418400FA2AAF /* DeskappTests */ = {
			isa = PBXFileSystemSynchronizedRootGroup;
			path = DeskappTests;
			sourceTree = "<group>";
		};
		B9A529B42C82418400FA2AAF /* DeskappUITests */ = {
			isa = PBXFileSystemSynchronizedRootGroup;
			path = DeskappUITests;
			sourceTree = "<group>";
		};
/* End PBXFileSystemSynchronizedRootGroup section */

/* Begin PBXFrameworksBuildPhase section */
		B9A529942C82418100FA2AAF /* Frameworks */ = {
			isa = PBXFrameworksBuildPhase;
			buildActionMask = 2147483647;
			files = (
				B94C03412CA438C200C85555 /* libLLVM.dylib in Frameworks */,
				B947C2382C935A6800984C2C /* FirebaseDatabase in Frameworks */,
				B958AB162CA31CF400E8DB24 /* FirebaseFunctions in Frameworks */,
				B9781DE82C935944001B70FF /* FirebaseAnalytics in Frameworks */,
				B9781DEC2C935944001B70FF /* FirebaseFirestore in Frameworks */,
				B9781DEA2C935944001B70FF /* FirebaseAuth in Frameworks */,
				B956547F2C98709D00471B04 /* SideMenu in Frameworks */,
				B9781DEE2C935944001B70FF /* FirebaseStorage in Frameworks */,
			);
			runOnlyForDeploymentPostprocessing = 0;
		};
		B9A529A42C82418400FA2AAF /* Frameworks */ = {
			isa = PBXFrameworksBuildPhase;
			buildActionMask = 2147483647;
			files = (
			);
			runOnlyForDeploymentPostprocessing = 0;
		};
		B9A529AE2C82418400FA2AAF /* Frameworks */ = {
			isa = PBXFrameworksBuildPhase;
			buildActionMask = 2147483647;
			files = (
			);
			runOnlyForDeploymentPostprocessing = 0;
		};
/* End PBXFrameworksBuildPhase section */

/* Begin PBXGroup section */
		B9781DE62C935944001B70FF /* Frameworks */ = {
			isa = PBXGroup;
			children = (
				B94C03402CA438C200C85555 /* libLLVM.dylib */,
			);
			name = Frameworks;
			sourceTree = "<group>";
		};
		B9A5298E2C82418100FA2AAF = {
			isa = PBXGroup;
			children = (
				B9A529992C82418100FA2AAF /* Deskapp */,
				B9A529AA2C82418400FA2AAF /* DeskappTests */,
				B9A529B42C82418400FA2AAF /* DeskappUITests */,
				B9781DE62C935944001B70FF /* Frameworks */,
				B9A529982C82418100FA2AAF /* Products */,
			);
			sourceTree = "<group>";
		};
		B9A529982C82418100FA2AAF /* Products */ = {
			isa = PBXGroup;
			children = (
				B9A529972C82418100FA2AAF /* Deskapp.app */,
				B9A529A72C82418400FA2AAF /* DeskappTests.xctest */,
				B9A529B12C82418400FA2AAF /* DeskappUITests.xctest */,
			);
			name = Products;
			sourceTree = "<group>";
		};
/* End PBXGroup section */

/* Begin PBXNativeTarget section */
		B9A529962C82418100FA2AAF /* Deskapp */ = {
			isa = PBXNativeTarget;
			buildConfigurationList = B9A529BB2C82418400FA2AAF /* Build configuration list for PBXNativeTarget "Deskapp" */;
			buildPhases = (
				B9A529932C82418100FA2AAF /* Sources */,
				B9A529942C82418100FA2AAF /* Frameworks */,
				B9A529952C82418100FA2AAF /* Resources */,
			);
			buildRules = (
			);
			dependencies = (
			);
			fileSystemSynchronizedGroups = (
				B9A529992C82418100FA2AAF /* Deskapp */,
			);
			name = Deskapp;
			packageProductDependencies = (
				B9781DE72C935944001B70FF /* FirebaseAnalytics */,
				B9781DE92C935944001B70FF /* FirebaseAuth */,
				B9781DEB2C935944001B70FF /* FirebaseFirestore */,
				B9781DED2C935944001B70FF /* FirebaseStorage */,
				B947C2372C935A6800984C2C /* FirebaseDatabase */,
				B956547E2C98709D00471B04 /* SideMenu */,
				B958AB152CA31CF400E8DB24 /* FirebaseFunctions */,
			);
			productName = Deskapp;
			productReference = B9A529972C82418100FA2AAF /* Deskapp.app */;
			productType = "com.apple.product-type.application";
		};
		B9A529A62C82418400FA2AAF /* DeskappTests */ = {
			isa = PBXNativeTarget;
			buildConfigurationList = B9A529BE2C82418400FA2AAF /* Build configuration list for PBXNativeTarget "DeskappTests" */;
			buildPhases = (
				B9A529A32C82418400FA2AAF /* Sources */,
				B9A529A42C82418400FA2AAF /* Frameworks */,
				B9A529A52C82418400FA2AAF /* Resources */,
			);
			buildRules = (
			);
			dependencies = (
				B9A529A92C82418400FA2AAF /* PBXTargetDependency */,
			);
			fileSystemSynchronizedGroups = (
				B9A529AA2C82418400FA2AAF /* DeskappTests */,
			);
			name = DeskappTests;
			packageProductDependencies = (
			);
			productName = DeskappTests;
			productReference = B9A529A72C82418400FA2AAF /* DeskappTests.xctest */;
			productType = "com.apple.product-type.bundle.unit-test";
		};
		B9A529B02C82418400FA2AAF /* DeskappUITests */ = {
			isa = PBXNativeTarget;
			buildConfigurationList = B9A529C12C82418400FA2AAF /* Build configuration list for PBXNativeTarget "DeskappUITests" */;
			buildPhases = (
				B9A529AD2C82418400FA2AAF /* Sources */,
				B9A529AE2C82418400FA2AAF /* Frameworks */,
				B9A529AF2C82418400FA2AAF /* Resources */,
			);
			buildRules = (
			);
			dependencies = (
				B9A529B32C82418400FA2AAF /* PBXTargetDependency */,
			);
			fileSystemSynchronizedGroups = (
				B9A529B42C82418400FA2AAF /* DeskappUITests */,
			);
			name = DeskappUITests;
			packageProductDependencies = (
			);
			productName = DeskappUITests;
			productReference = B9A529B12C82418400FA2AAF /* DeskappUITests.xctest */;
			productType = "com.apple.product-type.bundle.ui-testing";
		};
/* End PBXNativeTarget section */

/* Begin PBXProject section */
		B9A5298F2C82418100FA2AAF /* Project object */ = {
			isa = PBXProject;
			attributes = {
				BuildIndependentTargetsInParallel = 1;
				LastSwiftUpdateCheck = 1600;
				LastUpgradeCheck = 1600;
				TargetAttributes = {
					B9A529962C82418100FA2AAF = {
						CreatedOnToolsVersion = 16.0;
					};
					B9A529A62C82418400FA2AAF = {
						CreatedOnToolsVersion = 16.0;
						TestTargetID = B9A529962C82418100FA2AAF;
					};
					B9A529B02C82418400FA2AAF = {
						CreatedOnToolsVersion = 16.0;
						TestTargetID = B9A529962C82418100FA2AAF;
					};
				};
			};
			buildConfigurationList = B9A529922C82418100FA2AAF /* Build configuration list for PBXProject "Deskapp" */;
			developmentRegion = en;
			hasScannedForEncodings = 0;
			knownRegions = (
				en,
				Base,
			);
			mainGroup = B9A5298E2C82418100FA2AAF;
			minimizedProjectReferenceProxies = 1;
			packageReferences = (
				B93EE5962C9349F8008D2AC0 /* XCRemoteSwiftPackageReference "firebase-ios-sdk" */,
				B956547D2C98709D00471B04 /* XCRemoteSwiftPackageReference "SideMenu" */,
			);
			preferredProjectObjectVersion = 77;
			productRefGroup = B9A529982C82418100FA2AAF /* Products */;
			projectDirPath = "";
			projectRoot = "";
			targets = (
				B9A529962C82418100FA2AAF /* Deskapp */,
				B9A529A62C82418400FA2AAF /* DeskappTests */,
				B9A529B02C82418400FA2AAF /* DeskappUITests */,
			);
		};
/* End PBXProject section */

/* Begin PBXResourcesBuildPhase section */
		B9A529952C82418100FA2AAF /* Resources */ = {
			isa = PBXResourcesBuildPhase;
			buildActionMask = 2147483647;
			files = (
			);
			runOnlyForDeploymentPostprocessing = 0;
		};
		B9A529A52C82418400FA2AAF /* Resources */ = {
			isa = PBXResourcesBuildPhase;
			buildActionMask = 2147483647;
			files = (
			);
			runOnlyForDeploymentPostprocessing = 0;
		};
		B9A529AF2C82418400FA2AAF /* Resources */ = {
			isa = PBXResourcesBuildPhase;
			buildActionMask = 2147483647;
			files = (
			);
			runOnlyForDeploymentPostprocessing = 0;
		};
/* End PBXResourcesBuildPhase section */

/* Begin PBXSourcesBuildPhase section */
		B9A529932C82418100FA2AAF /* Sources */ = {
			isa = PBXSourcesBuildPhase;
			buildActionMask = 2147483647;
			files = (
			);
			runOnlyForDeploymentPostprocessing = 0;
		};
		B9A529A32C82418400FA2AAF /* Sources */ = {
			isa = PBXSourcesBuildPhase;
			buildActionMask = 2147483647;
			files = (
			);
			runOnlyForDeploymentPostprocessing = 0;
		};
		B9A529AD2C82418400FA2AAF /* Sources */ = {
			isa = PBXSourcesBuildPhase;
			buildActionMask = 2147483647;
			files = (
			);
			runOnlyForDeploymentPostprocessing = 0;
		};
/* End PBXSourcesBuildPhase section */

/* Begin PBXTargetDependency section */
		B9A529A92C82418400FA2AAF /* PBXTargetDependency */ = {
			isa = PBXTargetDependency;
			target = B9A529962C82418100FA2AAF /* Deskapp */;
			targetProxy = B9A529A82C82418400FA2AAF /* PBXContainerItemProxy */;
		};
		B9A529B32C82418400FA2AAF /* PBXTargetDependency */ = {
			isa = PBXTargetDependency;
			target = B9A529962C82418100FA2AAF /* Deskapp */;
			targetProxy = B9A529B22C82418400FA2AAF /* PBXContainerItemProxy */;
		};
/* End PBXTargetDependency section */

/* Begin XCBuildConfiguration section */
		B9A529B92C82418400FA2AAF /* Debug */ = {
			isa = XCBuildConfiguration;
			buildSettings = {
				ALWAYS_SEARCH_USER_PATHS = NO;
				ASSETCATALOG_COMPILER_GENERATE_SWIFT_ASSET_SYMBOL_EXTENSIONS = YES;
				CLANG_ANALYZER_NONNULL = YES;
				CLANG_ANALYZER_NUMBER_OBJECT_CONVERSION = YES_AGGRESSIVE;
				CLANG_CXX_LANGUAGE_STANDARD = "gnu++20";
				CLANG_ENABLE_MODULES = YES;
				CLANG_ENABLE_OBJC_ARC = YES;
				CLANG_ENABLE_OBJC_WEAK = YES;
				CLANG_WARN_BLOCK_CAPTURE_AUTORELEASING = YES;
				CLANG_WARN_BOOL_CONVERSION = YES;
				CLANG_WARN_COMMA = YES;
				CLANG_WARN_CONSTANT_CONVERSION = YES;
				CLANG_WARN_DEPRECATED_OBJC_IMPLEMENTATIONS = YES;
				CLANG_WARN_DIRECT_OBJC_ISA_USAGE = YES_ERROR;
				CLANG_WARN_DOCUMENTATION_COMMENTS = YES;
				CLANG_WARN_EMPTY_BODY = YES;
				CLANG_WARN_ENUM_CONVERSION = YES;
				CLANG_WARN_INFINITE_RECURSION = YES;
				CLANG_WARN_INT_CONVERSION = YES;
				CLANG_WARN_NON_LITERAL_NULL_CONVERSION = YES;
				CLANG_WARN_OBJC_IMPLICIT_RETAIN_SELF = YES;
				CLANG_WARN_OBJC_LITERAL_CONVERSION = YES;
				CLANG_WARN_OBJC_ROOT_CLASS = YES_ERROR;
				CLANG_WARN_QUOTED_INCLUDE_IN_FRAMEWORK_HEADER = YES;
				CLANG_WARN_RANGE_LOOP_ANALYSIS = YES;
				CLANG_WARN_STRICT_PROTOTYPES = YES;
				CLANG_WARN_SUSPICIOUS_MOVE = YES;
				CLANG_WARN_UNGUARDED_AVAILABILITY = YES_AGGRESSIVE;
				CLANG_WARN_UNREACHABLE_CODE = YES;
				CLANG_WARN__DUPLICATE_METHOD_MATCH = YES;
				COPY_PHASE_STRIP = NO;
				DEBUG_INFORMATION_FORMAT = dwarf;
				ENABLE_STRICT_OBJC_MSGSEND = YES;
				ENABLE_TESTABILITY = YES;
				ENABLE_USER_SCRIPT_SANDBOXING = YES;
				GCC_C_LANGUAGE_STANDARD = gnu17;
				GCC_DYNAMIC_NO_PIC = NO;
				GCC_NO_COMMON_BLOCKS = YES;
				GCC_OPTIMIZATION_LEVEL = 0;
				GCC_PREPROCESSOR_DEFINITIONS = (
					"DEBUG=1",
					"$(inherited)",
				);
				GCC_WARN_64_TO_32_BIT_CONVERSION = YES;
				GCC_WARN_ABOUT_RETURN_TYPE = YES_ERROR;
				GCC_WARN_UNDECLARED_SELECTOR = YES;
				GCC_WARN_UNINITIALIZED_AUTOS = YES_AGGRESSIVE;
				GCC_WARN_UNUSED_FUNCTION = YES;
				GCC_WARN_UNUSED_VARIABLE = YES;
				IPHONEOS_DEPLOYMENT_TARGET = 18.0;
				LOCALIZATION_PREFERS_STRING_CATALOGS = YES;
				MTL_ENABLE_DEBUG_INFO = INCLUDE_SOURCE;
				MTL_FAST_MATH = YES;
				ONLY_ACTIVE_ARCH = YES;
				SDKROOT = iphoneos;
				SWIFT_ACTIVE_COMPILATION_CONDITIONS = "DEBUG $(inherited)";
				SWIFT_OPTIMIZATION_LEVEL = "-Onone";
			};
			name = Debug;
		};
		B9A529BA2C82418400FA2AAF /* Release */ = {
			isa = XCBuildConfiguration;
			buildSettings = {
				ALWAYS_SEARCH_USER_PATHS = NO;
				ASSETCATALOG_COMPILER_GENERATE_SWIFT_ASSET_SYMBOL_EXTENSIONS = YES;
				CLANG_ANALYZER_NONNULL = YES;
				CLANG_ANALYZER_NUMBER_OBJECT_CONVERSION = YES_AGGRESSIVE;
				CLANG_CXX_LANGUAGE_STANDARD = "gnu++20";
				CLANG_ENABLE_MODULES = YES;
				CLANG_ENABLE_OBJC_ARC = YES;
				CLANG_ENABLE_OBJC_WEAK = YES;
				CLANG_WARN_BLOCK_CAPTURE_AUTORELEASING = YES;
				CLANG_WARN_BOOL_CONVERSION = YES;
				CLANG_WARN_COMMA = YES;
				CLANG_WARN_CONSTANT_CONVERSION = YES;
				CLANG_WARN_DEPRECATED_OBJC_IMPLEMENTATIONS = YES;
				CLANG_WARN_DIRECT_OBJC_ISA_USAGE = YES_ERROR;
				CLANG_WARN_DOCUMENTATION_COMMENTS = YES;
				CLANG_WARN_EMPTY_BODY = YES;
				CLANG_WARN_ENUM_CONVERSION = YES;
				CLANG_WARN_INFINITE_RECURSION = YES;
				CLANG_WARN_INT_CONVERSION = YES;
				CLANG_WARN_NON_LITERAL_NULL_CONVERSION = YES;
				CLANG_WARN_OBJC_IMPLICIT_RETAIN_SELF = YES;
				CLANG_WARN_OBJC_LITERAL_CONVERSION = YES;
				CLANG_WARN_OBJC_ROOT_CLASS = YES_ERROR;
				CLANG_WARN_QUOTED_INCLUDE_IN_FRAMEWORK_HEADER = YES;
				CLANG_WARN_RANGE_LOOP_ANALYSIS = YES;
				CLANG_WARN_STRICT_PROTOTYPES = YES;
				CLANG_WARN_SUSPICIOUS_MOVE = YES;
				CLANG_WARN_UNGUARDED_AVAILABILITY = YES_AGGRESSIVE;
				CLANG_WARN_UNREACHABLE_CODE = YES;
				CLANG_WARN__DUPLICATE_METHOD_MATCH = YES;
				COPY_PHASE_STRIP = NO;
				DEBUG_INFORMATION_FORMAT = "dwarf-with-dsym";
				ENABLE_NS_ASSERTIONS = NO;
				ENABLE_STRICT_OBJC_MSGSEND = YES;
				ENABLE_USER_SCRIPT_SANDBOXING = YES;
				GCC_C_LANGUAGE_STANDARD = gnu17;
				GCC_NO_COMMON_BLOCKS = YES;
				GCC_WARN_64_TO_32_BIT_CONVERSION = YES;
				GCC_WARN_ABOUT_RETURN_TYPE = YES_ERROR;
				GCC_WARN_UNDECLARED_SELECTOR = YES;
				GCC_WARN_UNINITIALIZED_AUTOS = YES_AGGRESSIVE;
				GCC_WARN_UNUSED_FUNCTION = YES;
				GCC_WARN_UNUSED_VARIABLE = YES;
				IPHONEOS_DEPLOYMENT_TARGET = 18.0;
				LOCALIZATION_PREFERS_STRING_CATALOGS = YES;
				MTL_ENABLE_DEBUG_INFO = NO;
				MTL_FAST_MATH = YES;
				SDKROOT = iphoneos;
				SWIFT_COMPILATION_MODE = wholemodule;
				VALIDATE_PRODUCT = YES;
			};
			name = Release;
		};
		B9A529BC2C82418400FA2AAF /* Debug */ = {
			isa = XCBuildConfiguration;
			buildSettings = {
				ASSETCATALOG_COMPILER_APPICON_NAME = AppIcon;
				ASSETCATALOG_COMPILER_GLOBAL_ACCENT_COLOR_NAME = AccentColor;
				ASSETCATALOG_COMPILER_INCLUDE_ALL_APPICON_ASSETS = YES;
				CODE_SIGN_STYLE = Automatic;
				CURRENT_PROJECT_VERSION = 1;
				DEVELOPMENT_ASSET_PATHS = "\"Deskapp/Preview Content\"";
				DEVELOPMENT_TEAM = 9MP722P3GC;
				ENABLE_PREVIEWS = YES;
				GENERATE_INFOPLIST_FILE = YES;
				INFOPLIST_FILE = Deskapp/Info.plist;
				INFOPLIST_KEY_UIApplicationSceneManifest_Generation = YES;
				INFOPLIST_KEY_UIApplicationSupportsIndirectInputEvents = YES;
				INFOPLIST_KEY_UILaunchScreen_Generation = YES;
				INFOPLIST_KEY_UISupportedInterfaceOrientations_iPad = "UIInterfaceOrientationPortrait UIInterfaceOrientationPortraitUpsideDown UIInterfaceOrientationLandscapeLeft UIInterfaceOrientationLandscapeRight";
				INFOPLIST_KEY_UISupportedInterfaceOrientations_iPhone = "UIInterfaceOrientationPortrait UIInterfaceOrientationLandscapeLeft UIInterfaceOrientationLandscapeRight";
				IPHONEOS_DEPLOYMENT_TARGET = 16.6;
				LD_RUNPATH_SEARCH_PATHS = (
					"$(inherited)",
					"@executable_path/Frameworks",
				);
				MARKETING_VERSION = 1.0;
				PRODUCT_BUNDLE_IDENTIFIER = mitpatel0044.Deskapp;
				PRODUCT_NAME = "$(TARGET_NAME)";
				SUPPORTED_PLATFORMS = "iphoneos iphonesimulator";
				SUPPORTS_MACCATALYST = NO;
				SUPPORTS_XR_DESIGNED_FOR_IPHONE_IPAD = NO;
				SWIFT_EMIT_LOC_STRINGS = YES;
				SWIFT_VERSION = 5.0;
				TARGETED_DEVICE_FAMILY = "1,2";
			};
			name = Debug;
		};
		B9A529BD2C82418400FA2AAF /* Release */ = {
			isa = XCBuildConfiguration;
			buildSettings = {
				ASSETCATALOG_COMPILER_APPICON_NAME = AppIcon;
				ASSETCATALOG_COMPILER_GLOBAL_ACCENT_COLOR_NAME = AccentColor;
				ASSETCATALOG_COMPILER_INCLUDE_ALL_APPICON_ASSETS = YES;
				CODE_SIGN_STYLE = Automatic;
				CURRENT_PROJECT_VERSION = 1;
				DEVELOPMENT_ASSET_PATHS = "\"Deskapp/Preview Content\"";
				DEVELOPMENT_TEAM = 9MP722P3GC;
				ENABLE_PREVIEWS = YES;
				GENERATE_INFOPLIST_FILE = YES;
				INFOPLIST_FILE = Deskapp/Info.plist;
				INFOPLIST_KEY_UIApplicationSceneManifest_Generation = YES;
				INFOPLIST_KEY_UIApplicationSupportsIndirectInputEvents = YES;
				INFOPLIST_KEY_UILaunchScreen_Generation = YES;
				INFOPLIST_KEY_UISupportedInterfaceOrientations_iPad = "UIInterfaceOrientationPortrait UIInterfaceOrientationPortraitUpsideDown UIInterfaceOrientationLandscapeLeft UIInterfaceOrientationLandscapeRight";
				INFOPLIST_KEY_UISupportedInterfaceOrientations_iPhone = "UIInterfaceOrientationPortrait UIInterfaceOrientationLandscapeLeft UIInterfaceOrientationLandscapeRight";
				IPHONEOS_DEPLOYMENT_TARGET = 16.6;
				LD_RUNPATH_SEARCH_PATHS = (
					"$(inherited)",
					"@executable_path/Frameworks",
				);
				MARKETING_VERSION = 1.0;
				PRODUCT_BUNDLE_IDENTIFIER = mitpatel0044.Deskapp;
				PRODUCT_NAME = "$(TARGET_NAME)";
				SUPPORTED_PLATFORMS = "iphoneos iphonesimulator";
				SUPPORTS_MACCATALYST = NO;
				SUPPORTS_XR_DESIGNED_FOR_IPHONE_IPAD = NO;
				SWIFT_EMIT_LOC_STRINGS = YES;
				SWIFT_VERSION = 5.0;
				TARGETED_DEVICE_FAMILY = "1,2";
			};
			name = Release;
		};
		B9A529BF2C82418400FA2AAF /* Debug */ = {
			isa = XCBuildConfiguration;
			buildSettings = {
				BUNDLE_LOADER = "$(TEST_HOST)";
				CODE_SIGN_STYLE = Automatic;
				CURRENT_PROJECT_VERSION = 1;
				DEVELOPMENT_TEAM = 9MP722P3GC;
				GENERATE_INFOPLIST_FILE = YES;
				IPHONEOS_DEPLOYMENT_TARGET = 18.0;
				MARKETING_VERSION = 1.0;
				PRODUCT_BUNDLE_IDENTIFIER = mitpatel0044.DeskappTests;
				PRODUCT_NAME = "$(TARGET_NAME)";
				SWIFT_EMIT_LOC_STRINGS = NO;
				SWIFT_VERSION = 5.0;
				TARGETED_DEVICE_FAMILY = "1,2";
				TEST_HOST = "$(BUILT_PRODUCTS_DIR)/Deskapp.app/$(BUNDLE_EXECUTABLE_FOLDER_PATH)/Deskapp";
			};
			name = Debug;
		};
		B9A529C02C82418400FA2AAF /* Release */ = {
			isa = XCBuildConfiguration;
			buildSettings = {
				BUNDLE_LOADER = "$(TEST_HOST)";
				CODE_SIGN_STYLE = Automatic;
				CURRENT_PROJECT_VERSION = 1;
				DEVELOPMENT_TEAM = 9MP722P3GC;
				GENERATE_INFOPLIST_FILE = YES;
				IPHONEOS_DEPLOYMENT_TARGET = 18.0;
				MARKETING_VERSION = 1.0;
				PRODUCT_BUNDLE_IDENTIFIER = mitpatel0044.DeskappTests;
				PRODUCT_NAME = "$(TARGET_NAME)";
				SWIFT_EMIT_LOC_STRINGS = NO;
				SWIFT_VERSION = 5.0;
				TARGETED_DEVICE_FAMILY = "1,2";
				TEST_HOST = "$(BUILT_PRODUCTS_DIR)/Deskapp.app/$(BUNDLE_EXECUTABLE_FOLDER_PATH)/Deskapp";
			};
			name = Release;
		};
		B9A529C22C82418400FA2AAF /* Debug */ = {
			isa = XCBuildConfiguration;
			buildSettings = {
				CODE_SIGN_STYLE = Automatic;
				CURRENT_PROJECT_VERSION = 1;
				DEVELOPMENT_TEAM = 9MP722P3GC;
				GENERATE_INFOPLIST_FILE = YES;
				MARKETING_VERSION = 1.0;
				PRODUCT_BUNDLE_IDENTIFIER = mitpatel0044.DeskappUITests;
				PRODUCT_NAME = "$(TARGET_NAME)";
				SWIFT_EMIT_LOC_STRINGS = NO;
				SWIFT_VERSION = 5.0;
				TARGETED_DEVICE_FAMILY = "1,2";
				TEST_TARGET_NAME = Deskapp;
			};
			name = Debug;
		};
		B9A529C32C82418400FA2AAF /* Release */ = {
			isa = XCBuildConfiguration;
			buildSettings = {
				CODE_SIGN_STYLE = Automatic;
				CURRENT_PROJECT_VERSION = 1;
				DEVELOPMENT_TEAM = 9MP722P3GC;
				GENERATE_INFOPLIST_FILE = YES;
				MARKETING_VERSION = 1.0;
				PRODUCT_BUNDLE_IDENTIFIER = mitpatel0044.DeskappUITests;
				PRODUCT_NAME = "$(TARGET_NAME)";
				SWIFT_EMIT_LOC_STRINGS = NO;
				SWIFT_VERSION = 5.0;
				TARGETED_DEVICE_FAMILY = "1,2";
				TEST_TARGET_NAME = Deskapp;
			};
			name = Release;
		};
/* End XCBuildConfiguration section */

/* Begin XCConfigurationList section */
		B9A529922C82418100FA2AAF /* Build configuration list for PBXProject "Deskapp" */ = {
			isa = XCConfigurationList;
			buildConfigurations = (
				B9A529B92C82418400FA2AAF /* Debug */,
				B9A529BA2C82418400FA2AAF /* Release */,
			);
			defaultConfigurationIsVisible = 0;
			defaultConfigurationName = Release;
		};
		B9A529BB2C82418400FA2AAF /* Build configuration list for PBXNativeTarget "Deskapp" */ = {
			isa = XCConfigurationList;
			buildConfigurations = (
				B9A529BC2C82418400FA2AAF /* Debug */,
				B9A529BD2C82418400FA2AAF /* Release */,
			);
			defaultConfigurationIsVisible = 0;
			defaultConfigurationName = Release;
		};
		B9A529BE2C82418400FA2AAF /* Build configuration list for PBXNativeTarget "DeskappTests" */ = {
			isa = XCConfigurationList;
			buildConfigurations = (
				B9A529BF2C82418400FA2AAF /* Debug */,
				B9A529C02C82418400FA2AAF /* Release */,
			);
			defaultConfigurationIsVisible = 0;
			defaultConfigurationName = Release;
		};
		B9A529C12C82418400FA2AAF /* Build configuration list for PBXNativeTarget "DeskappUITests" */ = {
			isa = XCConfigurationList;
			buildConfigurations = (
				B9A529C22C82418400FA2AAF /* Debug */,
				B9A529C32C82418400FA2AAF /* Release */,
			);
			defaultConfigurationIsVisible = 0;
			defaultConfigurationName = Release;
		};
/* End XCConfigurationList section */

/* Begin XCRemoteSwiftPackageReference section */
		B93EE5962C9349F8008D2AC0 /* XCRemoteSwiftPackageReference "firebase-ios-sdk" */ = {
			isa = XCRemoteSwiftPackageReference;
			repositoryURL = "https://github.com/firebase/firebase-ios-sdk.git";
			requirement = {
				kind = upToNextMajorVersion;
				minimumVersion = 11.2.0;
			};
		};
		B956547D2C98709D00471B04 /* XCRemoteSwiftPackageReference "SideMenu" */ = {
			isa = XCRemoteSwiftPackageReference;
			repositoryURL = "https://github.com/akardas16/SideMenu.git";
			requirement = {
				branch = main;
				kind = branch;
			};
		};
/* End XCRemoteSwiftPackageReference section */

/* Begin XCSwiftPackageProductDependency section */
		B947C2372C935A6800984C2C /* FirebaseDatabase */ = {
			isa = XCSwiftPackageProductDependency;
			productName = FirebaseDatabase;
		};
		B956547E2C98709D00471B04 /* SideMenu */ = {
			isa = XCSwiftPackageProductDependency;
			package = B956547D2C98709D00471B04 /* XCRemoteSwiftPackageReference "SideMenu" */;
			productName = SideMenu;
		};
		B958AB152CA31CF400E8DB24 /* FirebaseFunctions */ = {
			isa = XCSwiftPackageProductDependency;
			package = B93EE5962C9349F8008D2AC0 /* XCRemoteSwiftPackageReference "firebase-ios-sdk" */;
			productName = FirebaseFunctions;
		};
		B9781DE72C935944001B70FF /* FirebaseAnalytics */ = {
			isa = XCSwiftPackageProductDependency;
			package = B93EE5962C9349F8008D2AC0 /* XCRemoteSwiftPackageReference "firebase-ios-sdk" */;
			productName = FirebaseAnalytics;
		};
		B9781DE92C935944001B70FF /* FirebaseAuth */ = {
			isa = XCSwiftPackageProductDependency;
			package = B93EE5962C9349F8008D2AC0 /* XCRemoteSwiftPackageReference "firebase-ios-sdk" */;
			productName = FirebaseAuth;
		};
		B9781DEB2C935944001B70FF /* FirebaseFirestore */ = {
			isa = XCSwiftPackageProductDependency;
			package = B93EE5962C9349F8008D2AC0 /* XCRemoteSwiftPackageReference "firebase-ios-sdk" */;
			productName = FirebaseFirestore;
		};
		B9781DED2C935944001B70FF /* FirebaseStorage */ = {
			isa = XCSwiftPackageProductDependency;
			package = B93EE5962C9349F8008D2AC0 /* XCRemoteSwiftPackageReference "firebase-ios-sdk" */;
			productName = FirebaseStorage;
		};
/* End XCSwiftPackageProductDependency section */
	};
	rootObject = B9A5298F2C82418100FA2AAF /* Project object */;
}
